
Microsoft Visual Studio Solution File, Format Version 12.00
# Visual Studio Version 17
VisualStudioVersion = 17.4.33205.214
MinimumVisualStudioVersion = 10.0.40219.1
Project("{FAE04EC0-301F-11D3-BF4B-00C04F79EFBC}") = "Case_Study", "Case_Study\Case_Study.csproj", "{30434019-48D0-45EA-898C-68E0140F89CB}"
EndProject
Global
	GlobalSection(SolutionConfigurationPlatforms) = preSolution
		Debug|Any CPU = Debug|Any CPU
		Release|Any CPU = Release|Any CPU
	EndGlobalSection
	GlobalSection(ProjectConfigurationPlatforms) = postSolution
		{30434019-48D0-45EA-898C-68E0140F89CB}.Debug|Any CPU.ActiveCfg = Debug|Any CPU
		{30434019-48D0-45EA-898C-68E0140F89CB}.Debug|Any CPU.Build.0 = Debug|Any CPU
		{30434019-48D0-45EA-898C-68E0140F89CB}.Release|Any CPU.ActiveCfg = Release|Any CPU
		{30434019-48D0-45EA-898C-68E0140F89CB}.Release|Any CPU.Build.0 = Release|Any CPU
	EndGlobalSection
	GlobalSection(SolutionProperties) = preSolution
		HideSolutionNode = FALSE
	EndGlobalSection
	GlobalSection(ExtensibilityGlobals) = postSolution
		SolutionGuid = {5634C027-88CC-463B-AF41-5FE3AB939CF5}
	EndGlobalSection
EndGlobal
